// !$*UTF8*$!
{
	archiveVersion = 1;
	classes = {
	};
	objectVersion = 46;
	objects = {

/* Begin PBXBuildFile section */
		3D099B6019262DAE008DE979 /* DHClockTableViewCell.m in Sources */ = {isa = PBXBuildFile; fileRef = 3D099B5F19262DAE008DE979 /* DHClockTableViewCell.m */; };
		3D099B6C192632A2008DE979 /* BEMAnalogClockView.m in Sources */ = {isa = PBXBuildFile; fileRef = 3D099B63192632A2008DE979 /* BEMAnalogClockView.m */; };
		3D099B6D192632A2008DE979 /* BEMHandsAnimation.m in Sources */ = {isa = PBXBuildFile; fileRef = 3D099B65192632A2008DE979 /* BEMHandsAnimation.m */; };
		3D099B6E192632A2008DE979 /* BEMHourHand.m in Sources */ = {isa = PBXBuildFile; fileRef = 3D099B67192632A2008DE979 /* BEMHourHand.m */; };
		3D099B6F192632A2008DE979 /* BEMMinuteHand.m in Sources */ = {isa = PBXBuildFile; fileRef = 3D099B69192632A2008DE979 /* BEMMinuteHand.m */; };
		3D099B70192632A2008DE979 /* BEMSecondHand.m in Sources */ = {isa = PBXBuildFile; fileRef = 3D099B6B192632A2008DE979 /* BEMSecondHand.m */; };
		3D099B7319265A7C008DE979 /* DHAddClockViewController.m in Sources */ = {isa = PBXBuildFile; fileRef = 3D099B7219265A7C008DE979 /* DHAddClockViewController.m */; };
		3D325AAB1926002C00AFEED9 /* Foundation.framework in Frameworks */ = {isa = PBXBuildFile; fileRef = 3D325AAA1926002C00AFEED9 /* Foundation.framework */; };
		3D325AAD1926002C00AFEED9 /* CoreGraphics.framework in Frameworks */ = {isa = PBXBuildFile; fileRef = 3D325AAC1926002C00AFEED9 /* CoreGraphics.framework */; };
		3D325AAF1926002C00AFEED9 /* UIKit.framework in Frameworks */ = {isa = PBXBuildFile; fileRef = 3D325AAE1926002C00AFEED9 /* UIKit.framework */; };
		3D325AB51926002C00AFEED9 /* InfoPlist.strings in Resources */ = {isa = PBXBuildFile; fileRef = 3D325AB31926002C00AFEED9 /* InfoPlist.strings */; };
		3D325AB71926002C00AFEED9 /* main.m in Sources */ = {isa = PBXBuildFile; fileRef = 3D325AB61926002C00AFEED9 /* main.m */; };
		3D325ABB1926002C00AFEED9 /* DHAppDelegate.m in Sources */ = {isa = PBXBuildFile; fileRef = 3D325ABA1926002C00AFEED9 /* DHAppDelegate.m */; };
		3D325ABE1926002C00AFEED9 /* Main.storyboard in Resources */ = {isa = PBXBuildFile; fileRef = 3D325ABC1926002C00AFEED9 /* Main.storyboard */; };
		3D325AC11926002C00AFEED9 /* DHViewController.m in Sources */ = {isa = PBXBuildFile; fileRef = 3D325AC01926002C00AFEED9 /* DHViewController.m */; };
		3D325AC31926002C00AFEED9 /* Images.xcassets in Resources */ = {isa = PBXBuildFile; fileRef = 3D325AC21926002C00AFEED9 /* Images.xcassets */; };
		3D325ACA1926002C00AFEED9 /* XCTest.framework in Frameworks */ = {isa = PBXBuildFile; fileRef = 3D325AC91926002C00AFEED9 /* XCTest.framework */; };
		3D325ACB1926002C00AFEED9 /* Foundation.framework in Frameworks */ = {isa = PBXBuildFile; fileRef = 3D325AAA1926002C00AFEED9 /* Foundation.framework */; };
		3D325ACC1926002C00AFEED9 /* UIKit.framework in Frameworks */ = {isa = PBXBuildFile; fileRef = 3D325AAE1926002C00AFEED9 /* UIKit.framework */; };
		3D325AD41926002D00AFEED9 /* InfoPlist.strings in Resources */ = {isa = PBXBuildFile; fileRef = 3D325AD21926002D00AFEED9 /* InfoPlist.strings */; };
		3D325AD61926002D00AFEED9 /* iClockTests.m in Sources */ = {isa = PBXBuildFile; fileRef = 3D325AD51926002D00AFEED9 /* iClockTests.m */; };
/* End PBXBuildFile section */

/* Begin PBXContainerItemProxy section */
		3D325ACD1926002D00AFEED9 /* PBXContainerItemProxy */ = {
			isa = PBXContainerItemProxy;
			containerPortal = 3D325A9F1926002C00AFEED9 /* Project object */;
			proxyType = 1;
			remoteGlobalIDString = 3D325AA61926002C00AFEED9;
			remoteInfo = iClock;
		};
/* End PBXContainerItemProxy section */

/* Begin PBXFileReference section */
		3D099B5E19262DAE008DE979 /* DHClockTableViewCell.h */ = {isa = PBXFileReference; fileEncoding = 4; lastKnownFileType = sourcecode.c.h; path = DHClockTableViewCell.h; sourceTree = "<group>"; };
		3D099B5F19262DAE008DE979 /* DHClockTableViewCell.m */ = {isa = PBXFileReference; fileEncoding = 4; lastKnownFileType = sourcecode.c.objc; path = DHClockTableViewCell.m; sourceTree = "<group>"; };
		3D099B62192632A2008DE979 /* BEMAnalogClockView.h */ = {isa = PBXFileReference; fileEncoding = 4; lastKnownFileType = sourcecode.c.h; path = BEMAnalogClockView.h; sourceTree = "<group>"; };
		3D099B63192632A2008DE979 /* BEMAnalogClockView.m */ = {isa = PBXFileReference; fileEncoding = 4; lastKnownFileType = sourcecode.c.objc; path = BEMAnalogClockView.m; sourceTree = "<group>"; };
		3D099B64192632A2008DE979 /* BEMHandsAnimation.h */ = {isa = PBXFileReference; fileEncoding = 4; lastKnownFileType = sourcecode.c.h; path = BEMHandsAnimation.h; sourceTree = "<group>"; };
		3D099B65192632A2008DE979 /* BEMHandsAnimation.m */ = {isa = PBXFileReference; fileEncoding = 4; lastKnownFileType = sourcecode.c.objc; path = BEMHandsAnimation.m; sourceTree = "<group>"; };
		3D099B66192632A2008DE979 /* BEMHourHand.h */ = {isa = PBXFileReference; fileEncoding = 4; lastKnownFileType = sourcecode.c.h; path = BEMHourHand.h; sourceTree = "<group>"; };
		3D099B67192632A2008DE979 /* BEMHourHand.m */ = {isa = PBXFileReference; fileEncoding = 4; lastKnownFileType = sourcecode.c.objc; path = BEMHourHand.m; sourceTree = "<group>"; };
		3D099B68192632A2008DE979 /* BEMMinuteHand.h */ = {isa = PBXFileReference; fileEncoding = 4; lastKnownFileType = sourcecode.c.h; path = BEMMinuteHand.h; sourceTree = "<group>"; };
		3D099B69192632A2008DE979 /* BEMMinuteHand.m */ = {isa = PBXFileReference; fileEncoding = 4; lastKnownFileType = sourcecode.c.objc; path = BEMMinuteHand.m; sourceTree = "<group>"; };
		3D099B6A192632A2008DE979 /* BEMSecondHand.h */ = {isa = PBXFileReference; fileEncoding = 4; lastKnownFileType = sourcecode.c.h; path = BEMSecondHand.h; sourceTree = "<group>"; };
		3D099B6B192632A2008DE979 /* BEMSecondHand.m */ = {isa = PBXFileReference; fileEncoding = 4; lastKnownFileType = sourcecode.c.objc; path = BEMSecondHand.m; sourceTree = "<group>"; };
		3D099B7119265A7C008DE979 /* DHAddClockViewController.h */ = {isa = PBXFileReference; fileEncoding = 4; lastKnownFileType = sourcecode.c.h; path = DHAddClockViewController.h; sourceTree = "<group>"; };
		3D099B7219265A7C008DE979 /* DHAddClockViewController.m */ = {isa = PBXFileReference; fileEncoding = 4; lastKnownFileType = sourcecode.c.objc; path = DHAddClockViewController.m; sourceTree = "<group>"; };
		3D325AA71926002C00AFEED9 /* iClock.app */ = {isa = PBXFileReference; explicitFileType = wrapper.application; includeInIndex = 0; path = iClock.app; sourceTree = BUILT_PRODUCTS_DIR; };
		3D325AAA1926002C00AFEED9 /* Foundation.framework */ = {isa = PBXFileReference; lastKnownFileType = wrapper.framework; name = Foundation.framework; path = System/Library/Frameworks/Foundation.framework; sourceTree = SDKROOT; };
		3D325AAC1926002C00AFEED9 /* CoreGraphics.framework */ = {isa = PBXFileReference; lastKnownFileType = wrapper.framework; name = CoreGraphics.framework; path = System/Library/Frameworks/CoreGraphics.framework; sourceTree = SDKROOT; };
		3D325AAE1926002C00AFEED9 /* UIKit.framework */ = {isa = PBXFileReference; lastKnownFileType = wrapper.framework; name = UIKit.framework; path = System/Library/Frameworks/UIKit.framework; sourceTree = SDKROOT; };
		3D325AB21926002C00AFEED9 /* iClock-Info.plist */ = {isa = PBXFileReference; lastKnownFileType = text.plist.xml; path = "iClock-Info.plist"; sourceTree = "<group>"; };
		3D325AB41926002C00AFEED9 /* en */ = {isa = PBXFileReference; lastKnownFileType = text.plist.strings; name = en; path = en.lproj/InfoPlist.strings; sourceTree = "<group>"; };
		3D325AB61926002C00AFEED9 /* main.m */ = {isa = PBXFileReference; lastKnownFileType = sourcecode.c.objc; path = main.m; sourceTree = "<group>"; };
		3D325AB81926002C00AFEED9 /* iClock-Prefix.pch */ = {isa = PBXFileReference; lastKnownFileType = sourcecode.c.h; path = "iClock-Prefix.pch"; sourceTree = "<group>"; };
		3D325AB91926002C00AFEED9 /* DHAppDelegate.h */ = {isa = PBXFileReference; lastKnownFileType = sourcecode.c.h; path = DHAppDelegate.h; sourceTree = "<group>"; };
		3D325ABA1926002C00AFEED9 /* DHAppDelegate.m */ = {isa = PBXFileReference; lastKnownFileType = sourcecode.c.objc; path = DHAppDelegate.m; sourceTree = "<group>"; };
		3D325ABD1926002C00AFEED9 /* Base */ = {isa = PBXFileReference; lastKnownFileType = file.storyboard; name = Base; path = Base.lproj/Main.storyboard; sourceTree = "<group>"; };
		3D325ABF1926002C00AFEED9 /* DHViewController.h */ = {isa = PBXFileReference; lastKnownFileType = sourcecode.c.h; path = DHViewController.h; sourceTree = "<group>"; };
		3D325AC01926002C00AFEED9 /* DHViewController.m */ = {isa = PBXFileReference; lastKnownFileType = sourcecode.c.objc; path = DHViewController.m; sourceTree = "<group>"; };
		3D325AC21926002C00AFEED9 /* Images.xcassets */ = {isa = PBXFileReference; lastKnownFileType = folder.assetcatalog; path = Images.xcassets; sourceTree = "<group>"; };
		3D325AC81926002C00AFEED9 /* iClockTests.xctest */ = {isa = PBXFileReference; explicitFileType = wrapper.cfbundle; includeInIndex = 0; path = iClockTests.xctest; sourceTree = BUILT_PRODUCTS_DIR; };
		3D325AC91926002C00AFEED9 /* XCTest.framework */ = {isa = PBXFileReference; lastKnownFileType = wrapper.framework; name = XCTest.framework; path = Library/Frameworks/XCTest.framework; sourceTree = DEVELOPER_DIR; };
		3D325AD11926002D00AFEED9 /* iClockTests-Info.plist */ = {isa = PBXFileReference; lastKnownFileType = text.plist.xml; path = "iClockTests-Info.plist"; sourceTree = "<group>"; };
		3D325AD31926002D00AFEED9 /* en */ = {isa = PBXFileReference; lastKnownFileType = text.plist.strings; name = en; path = en.lproj/InfoPlist.strings; sourceTree = "<group>"; };
		3D325AD51926002D00AFEED9 /* iClockTests.m */ = {isa = PBXFileReference; lastKnownFileType = sourcecode.c.objc; path = iClockTests.m; sourceTree = "<group>"; };
/* End PBXFileReference section */

/* Begin PBXFrameworksBuildPhase section */
		3D325AA41926002C00AFEED9 /* Frameworks */ = {
			isa = PBXFrameworksBuildPhase;
			buildActionMask = 2147483647;
			files = (
				3D325AAD1926002C00AFEED9 /* CoreGraphics.framework in Frameworks */,
				3D325AAF1926002C00AFEED9 /* UIKit.framework in Frameworks */,
				3D325AAB1926002C00AFEED9 /* Foundation.framework in Frameworks */,
			);
			runOnlyForDeploymentPostprocessing = 0;
		};
		3D325AC51926002C00AFEED9 /* Frameworks */ = {
			isa = PBXFrameworksBuildPhase;
			buildActionMask = 2147483647;
			files = (
				3D325ACA1926002C00AFEED9 /* XCTest.framework in Frameworks */,
				3D325ACC1926002C00AFEED9 /* UIKit.framework in Frameworks */,
				3D325ACB1926002C00AFEED9 /* Foundation.framework in Frameworks */,
			);
			runOnlyForDeploymentPostprocessing = 0;
		};
/* End PBXFrameworksBuildPhase section */

/* Begin PBXGroup section */
		3D099B61192632A2008DE979 /* Classes */ = {
			isa = PBXGroup;
			children = (
				3D099B62192632A2008DE979 /* BEMAnalogClockView.h */,
				3D099B63192632A2008DE979 /* BEMAnalogClockView.m */,
				3D099B64192632A2008DE979 /* BEMHandsAnimation.h */,
				3D099B65192632A2008DE979 /* BEMHandsAnimation.m */,
				3D099B66192632A2008DE979 /* BEMHourHand.h */,
				3D099B67192632A2008DE979 /* BEMHourHand.m */,
				3D099B68192632A2008DE979 /* BEMMinuteHand.h */,
				3D099B69192632A2008DE979 /* BEMMinuteHand.m */,
				3D099B6A192632A2008DE979 /* BEMSecondHand.h */,
				3D099B6B192632A2008DE979 /* BEMSecondHand.m */,
			);
			path = Classes;
			sourceTree = "<group>";
		};
		3D325A9E1926002C00AFEED9 = {
			isa = PBXGroup;
			children = (
				3D099B61192632A2008DE979 /* Classes */,
				3D325AB01926002C00AFEED9 /* iClock */,
				3D325ACF1926002D00AFEED9 /* iClockTests */,
				3D325AA91926002C00AFEED9 /* Frameworks */,
				3D325AA81926002C00AFEED9 /* Products */,
			);
			sourceTree = "<group>";
		};
		3D325AA81926002C00AFEED9 /* Products */ = {
			isa = PBXGroup;
			children = (
				3D325AA71926002C00AFEED9 /* iClock.app */,
				3D325AC81926002C00AFEED9 /* iClockTests.xctest */,
			);
			name = Products;
			sourceTree = "<group>";
		};
		3D325AA91926002C00AFEED9 /* Frameworks */ = {
			isa = PBXGroup;
			children = (
				3D325AAA1926002C00AFEED9 /* Foundation.framework */,
				3D325AAC1926002C00AFEED9 /* CoreGraphics.framework */,
				3D325AAE1926002C00AFEED9 /* UIKit.framework */,
				3D325AC91926002C00AFEED9 /* XCTest.framework */,
			);
			name = Frameworks;
			sourceTree = "<group>";
		};
		3D325AB01926002C00AFEED9 /* iClock */ = {
			isa = PBXGroup;
			children = (
				3D325AB91926002C00AFEED9 /* DHAppDelegate.h */,
				3D325ABA1926002C00AFEED9 /* DHAppDelegate.m */,
				3D325ABC1926002C00AFEED9 /* Main.storyboard */,
				3D325ABF1926002C00AFEED9 /* DHViewController.h */,
				3D325AC01926002C00AFEED9 /* DHViewController.m */,
				3D099B5E19262DAE008DE979 /* DHClockTableViewCell.h */,
				3D099B5F19262DAE008DE979 /* DHClockTableViewCell.m */,
				3D099B7119265A7C008DE979 /* DHAddClockViewController.h */,
				3D099B7219265A7C008DE979 /* DHAddClockViewController.m */,
				3D325AC21926002C00AFEED9 /* Images.xcassets */,
				3D325AB11926002C00AFEED9 /* Supporting Files */,
			);
			path = iClock;
			sourceTree = "<group>";
		};
		3D325AB11926002C00AFEED9 /* Supporting Files */ = {
			isa = PBXGroup;
			children = (
				3D325AB21926002C00AFEED9 /* iClock-Info.plist */,
				3D325AB31926002C00AFEED9 /* InfoPlist.strings */,
				3D325AB61926002C00AFEED9 /* main.m */,
				3D325AB81926002C00AFEED9 /* iClock-Prefix.pch */,
			);
			name = "Supporting Files";
			sourceTree = "<group>";
		};
		3D325ACF1926002D00AFEED9 /* iClockTests */ = {
			isa = PBXGroup;
			children = (
				3D325AD51926002D00AFEED9 /* iClockTests.m */,
				3D325AD01926002D00AFEED9 /* Supporting Files */,
			);
			path = iClockTests;
			sourceTree = "<group>";
		};
		3D325AD01926002D00AFEED9 /* Supporting Files */ = {
			isa = PBXGroup;
			children = (
				3D325AD11926002D00AFEED9 /* iClockTests-Info.plist */,
				3D325AD21926002D00AFEED9 /* InfoPlist.strings */,
			);
			name = "Supporting Files";
			sourceTree = "<group>";
		};
/* End PBXGroup section */

/* Begin PBXNativeTarget section */
		3D325AA61926002C00AFEED9 /* iClock */ = {
			isa = PBXNativeTarget;
			buildConfigurationList = 3D325AD91926002D00AFEED9 /* Build configuration list for PBXNativeTarget "iClock" */;
			buildPhases = (
				3D325AA31926002C00AFEED9 /* Sources */,
				3D325AA41926002C00AFEED9 /* Frameworks */,
				3D325AA51926002C00AFEED9 /* Resources */,
			);
			buildRules = (
			);
			dependencies = (
			);
			name = iClock;
			productName = iClock;
			productReference = 3D325AA71926002C00AFEED9 /* iClock.app */;
			productType = "com.apple.product-type.application";
		};
		3D325AC71926002C00AFEED9 /* iClockTests */ = {
			isa = PBXNativeTarget;
			buildConfigurationList = 3D325ADC1926002D00AFEED9 /* Build configuration list for PBXNativeTarget "iClockTests" */;
			buildPhases = (
				3D325AC41926002C00AFEED9 /* Sources */,
				3D325AC51926002C00AFEED9 /* Frameworks */,
				3D325AC61926002C00AFEED9 /* Resources */,
			);
			buildRules = (
			);
			dependencies = (
				3D325ACE1926002D00AFEED9 /* PBXTargetDependency */,
			);
			name = iClockTests;
			productName = iClockTests;
			productReference = 3D325AC81926002C00AFEED9 /* iClockTests.xctest */;
			productType = "com.apple.product-type.bundle.unit-test";
		};
/* End PBXNativeTarget section */

/* Begin PBXProject section */
		3D325A9F1926002C00AFEED9 /* Project object */ = {
			isa = PBXProject;
			attributes = {
				CLASSPREFIX = DH;
				LastUpgradeCheck = 0510;
				ORGANIZATIONNAME = BinaryBoy;
				TargetAttributes = {
					3D325AC71926002C00AFEED9 = {
						TestTargetID = 3D325AA61926002C00AFEED9;
					};
				};
			};
			buildConfigurationList = 3D325AA21926002C00AFEED9 /* Build configuration list for PBXProject "iClock" */;
			compatibilityVersion = "Xcode 3.2";
			developmentRegion = English;
			hasScannedForEncodings = 0;
			knownRegions = (
				en,
				Base,
			);
			mainGroup = 3D325A9E1926002C00AFEED9;
			productRefGroup = 3D325AA81926002C00AFEED9 /* Products */;
			projectDirPath = "";
			projectRoot = "";
			targets = (
				3D325AA61926002C00AFEED9 /* iClock */,
				3D325AC71926002C00AFEED9 /* iClockTests */,
			);
		};
/* End PBXProject section */

/* Begin PBXResourcesBuildPhase section */
		3D325AA51926002C00AFEED9 /* Resources */ = {
			isa = PBXResourcesBuildPhase;
			buildActionMask = 2147483647;
			files = (
				3D325AC31926002C00AFEED9 /* Images.xcassets in Resources */,
				3D325AB51926002C00AFEED9 /* InfoPlist.strings in Resources */,
				3D325ABE1926002C00AFEED9 /* Main.storyboard in Resources */,
			);
			runOnlyForDeploymentPostprocessing = 0;
		};
		3D325AC61926002C00AFEED9 /* Resources */ = {
			isa = PBXResourcesBuildPhase;
			buildActionMask = 2147483647;
			files = (
				3D325AD41926002D00AFEED9 /* InfoPlist.strings in Resources */,
			);
			runOnlyForDeploymentPostprocessing = 0;
		};
/* End PBXResourcesBuildPhase section */

/* Begin PBXSourcesBuildPhase section */
		3D325AA31926002C00AFEED9 /* Sources */ = {
			isa = PBXSourcesBuildPhase;
			buildActionMask = 2147483647;
			files = (
				3D099B6019262DAE008DE979 /* DHClockTableViewCell.m in Sources */,
				3D325ABB1926002C00AFEED9 /* DHAppDelegate.m in Sources */,
				3D099B6D192632A2008DE979 /* BEMHandsAnimation.m in Sources */,
				3D099B7319265A7C008DE979 /* DHAddClockViewController.m in Sources */,
				3D099B6F192632A2008DE979 /* BEMMinuteHand.m in Sources */,
				3D325AC11926002C00AFEED9 /* DHViewController.m in Sources */,
				3D099B6C192632A2008DE979 /* BEMAnalogClockView.m in Sources */,
				3D099B70192632A2008DE979 /* BEMSecondHand.m in Sources */,
				3D325AB71926002C00AFEED9 /* main.m in Sources */,
				3D099B6E192632A2008DE979 /* BEMHourHand.m in Sources */,
			);
			runOnlyForDeploymentPostprocessing = 0;
		};
		3D325AC41926002C00AFEED9 /* Sources */ = {
			isa = PBXSourcesBuildPhase;
			buildActionMask = 2147483647;
			files = (
				3D325AD61926002D00AFEED9 /* iClockTests.m in Sources */,
			);
			runOnlyForDeploymentPostprocessing = 0;
		};
/* End PBXSourcesBuildPhase section */

/* Begin PBXTargetDependency section */
		3D325ACE1926002D00AFEED9 /* PBXTargetDependency */ = {
			isa = PBXTargetDependency;
			target = 3D325AA61926002C00AFEED9 /* iClock */;
			targetProxy = 3D325ACD1926002D00AFEED9 /* PBXContainerItemProxy */;
		};
/* End PBXTargetDependency section */

/* Begin PBXVariantGroup section */
		3D325AB31926002C00AFEED9 /* InfoPlist.strings */ = {
			isa = PBXVariantGroup;
			children = (
				3D325AB41926002C00AFEED9 /* en */,
			);
			name = InfoPlist.strings;
			sourceTree = "<group>";
		};
		3D325ABC1926002C00AFEED9 /* Main.storyboard */ = {
			isa = PBXVariantGroup;
			children = (
				3D325ABD1926002C00AFEED9 /* Base */,
			);
			name = Main.storyboard;
			sourceTree = "<group>";
		};
		3D325AD21926002D00AFEED9 /* InfoPlist.strings */ = {
			isa = PBXVariantGroup;
			children = (
				3D325AD31926002D00AFEED9 /* en */,
			);
			name = InfoPlist.strings;
			sourceTree = "<group>";
		};
/* End PBXVariantGroup section */

/* Begin XCBuildConfiguration section */
		3D325AD71926002D00AFEED9 /* Debug */ = {
			isa = XCBuildConfiguration;
			buildSettings = {
				ALWAYS_SEARCH_USER_PATHS = NO;
				CLANG_CXX_LANGUAGE_STANDARD = "gnu++0x";
				CLANG_CXX_LIBRARY = "libc++";
				CLANG_ENABLE_MODULES = YES;
				CLANG_ENABLE_OBJC_ARC = YES;
				CLANG_WARN_BOOL_CONVERSION = YES;
				CLANG_WARN_CONSTANT_CONVERSION = YES;
				CLANG_WARN_DIRECT_OBJC_ISA_USAGE = YES_ERROR;
				CLANG_WARN_EMPTY_BODY = YES;
				CLANG_WARN_ENUM_CONVERSION = YES;
				CLANG_WARN_INT_CONVERSION = YES;
				CLANG_WARN_OBJC_ROOT_CLASS = YES_ERROR;
				CLANG_WARN__DUPLICATE_METHOD_MATCH = YES;
				"CODE_SIGN_IDENTITY[sdk=iphoneos*]" = "iPhone Developer";
				COPY_PHASE_STRIP = NO;
				GCC_C_LANGUAGE_STANDARD = gnu99;
				GCC_DYNAMIC_NO_PIC = NO;
				GCC_OPTIMIZATION_LEVEL = 0;
				GCC_PREPROCESSOR_DEFINITIONS = (
					"DEBUG=1",
					"$(inherited)",
				);
				GCC_SYMBOLS_PRIVATE_EXTERN = NO;
				GCC_WARN_64_TO_32_BIT_CONVERSION = YES;
				GCC_WARN_ABOUT_RETURN_TYPE = YES_ERROR;
				GCC_WARN_UNDECLARED_SELECTOR = YES;
				GCC_WARN_UNINITIALIZED_AUTOS = YES_AGGRESSIVE;
				GCC_WARN_UNUSED_FUNCTION = YES;
				GCC_WARN_UNUSED_VARIABLE = YES;
				IPHONEOS_DEPLOYMENT_TARGET = 7.1;
				ONLY_ACTIVE_ARCH = YES;
				SDKROOT = iphoneos;
			};
			name = Debug;
		};
		3D325AD81926002D00AFEED9 /* Release */ = {
			isa = XCBuildConfiguration;
			buildSettings = {
				ALWAYS_SEARCH_USER_PATHS = NO;
				CLANG_CXX_LANGUAGE_STANDARD = "gnu++0x";
				CLANG_CXX_LIBRARY = "libc++";
				CLANG_ENABLE_MODULES = YES;
				CLANG_ENABLE_OBJC_ARC = YES;
				CLANG_WARN_BOOL_CONVERSION = YES;
				CLANG_WARN_CONSTANT_CONVERSION = YES;
				CLANG_WARN_DIRECT_OBJC_ISA_USAGE = YES_ERROR;
				CLANG_WARN_EMPTY_BODY = YES;
				CLANG_WARN_ENUM_CONVERSION = YES;
				CLANG_WARN_INT_CONVERSION = YES;
				CLANG_WARN_OBJC_ROOT_CLASS = YES_ERROR;
				CLANG_WARN__DUPLICATE_METHOD_MATCH = YES;
				"CODE_SIGN_IDENTITY[sdk=iphoneos*]" = "iPhone Developer";
				COPY_PHASE_STRIP = YES;
				ENABLE_NS_ASSERTIONS = NO;
				GCC_C_LANGUAGE_STANDARD = gnu99;
				GCC_WARN_64_TO_32_BIT_CONVERSION = YES;
				GCC_WARN_ABOUT_RETURN_TYPE = YES_ERROR;
				GCC_WARN_UNDECLARED_SELECTOR = YES;
				GCC_WARN_UNINITIALIZED_AUTOS = YES_AGGRESSIVE;
				GCC_WARN_UNUSED_FUNCTION = YES;
				GCC_WARN_UNUSED_VARIABLE = YES;
				IPHONEOS_DEPLOYMENT_TARGET = 7.1;
				SDKROOT = iphoneos;
				VALIDATE_PRODUCT = YES;
			};
			name = Release;
		};
		3D325ADA1926002D00AFEED9 /* Debug */ = {
			isa = XCBuildConfiguration;
			buildSettings = {
				ASSETCATALOG_COMPILER_APPICON_NAME = AppIcon;
				ASSETCATALOG_COMPILER_LAUNCHIMAGE_NAME = LaunchImage;
				GCC_PRECOMPILE_PREFIX_HEADER = YES;
				GCC_PREFIX_HEADER = "iClock/iClock-Prefix.pch";
				INFOPLIST_FILE = "iClock/iClock-Info.plist";
				PRODUCT_NAME = "$(TARGET_NAME)";
				WRAPPER_EXTENSION = app;
			};
			name = Debug;
		};
		3D325ADB1926002D00AFEED9 /* Release */ = {
			isa = XCBuildConfiguration;
			buildSettings = {
				ASSETCATALOG_COMPILER_APPICON_NAME = AppIcon;
				ASSETCATALOG_COMPILER_LAUNCHIMAGE_NAME = LaunchImage;
				GCC_PRECOMPILE_PREFIX_HEADER = YES;
				GCC_PREFIX_HEADER = "iClock/iClock-Prefix.pch";
				INFOPLIST_FILE = "iClock/iClock-Info.plist";
				PRODUCT_NAME = "$(TARGET_NAME)";
				WRAPPER_EXTENSION = app;
			};
			name = Release;
		};
		3D325ADD1926002D00AFEED9 /* Debug */ = {
			isa = XCBuildConfiguration;
			buildSettings = {
				BUNDLE_LOADER = "$(BUILT_PRODUCTS_DIR)/iClock.app/iClock";
				FRAMEWORK_SEARCH_PATHS = (
					"$(SDKROOT)/Developer/Library/Frameworks",
					"$(inherited)",
					"$(DEVELOPER_FRAMEWORKS_DIR)",
				);
				GCC_PRECOMPILE_PREFIX_HEADER = YES;
				GCC_PREFIX_HEADER = "iClock/iClock-Prefix.pch";
				GCC_PREPROCESSOR_DEFINITIONS = (
					"DEBUG=1",
					"$(inherited)",
				);
				INFOPLIST_FILE = "iClockTests/iClockTests-Info.plist";
				PRODUCT_NAME = "$(TARGET_NAME)";
				TEST_HOST = "$(BUNDLE_LOADER)";
				WRAPPER_EXTENSION = xctest;
			};
			name = Debug;
		};
		3D325ADE1926002D00AFEED9 /* Release */ = {
			isa = XCBuildConfiguration;
			buildSettings = {
				BUNDLE_LOADER = "$(BUILT_PRODUCTS_DIR)/iClock.app/iClock";
				FRAMEWORK_SEARCH_PATHS = (
					"$(SDKROOT)/Developer/Library/Frameworks",
					"$(inherited)",
					"$(DEVELOPER_FRAMEWORKS_DIR)",
				);
				GCC_PRECOMPILE_PREFIX_HEADER = YES;
				GCC_PREFIX_HEADER = "iClock/iClock-Prefix.pch";
				INFOPLIST_FILE = "iClockTests/iClockTests-Info.plist";
				PRODUCT_NAME = "$(TARGET_NAME)";
				TEST_HOST = "$(BUNDLE_LOADER)";
				WRAPPER_EXTENSION = xctest;
			};
			name = Release;
		};
/* End XCBuildConfiguration section */

/* Begin XCConfigurationList section */
		3D325AA21926002C00AFEED9 /* Build configuration list for PBXProject "iClock" */ = {
			isa = XCConfigurationList;
			buildConfigurations = (
				3D325AD71926002D00AFEED9 /* Debug */,
				3D325AD81926002D00AFEED9 /* Release */,
			);
			defaultConfigurationIsVisible = 0;
			defaultConfigurationName = Release;
		};
		3D325AD91926002D00AFEED9 /* Build configuration list for PBXNativeTarget "iClock" */ = {
			isa = XCConfigurationList;
			buildConfigurations = (
				3D325ADA1926002D00AFEED9 /* Debug */,
				3D325ADB1926002D00AFEED9 /* Release */,
			);
			defaultConfigurationIsVisible = 0;
			defaultConfigurationName = Release;
		};
		3D325ADC1926002D00AFEED9 /* Build configuration list for PBXNativeTarget "iClockTests" */ = {
			isa = XCConfigurationList;
			buildConfigurations = (
				3D325ADD1926002D00AFEED9 /* Debug */,
				3D325ADE1926002D00AFEED9 /* Release */,
			);
			defaultConfigurationIsVisible = 0;
			defaultConfigurationName = Release;
		};
/* End XCConfigurationList section */
	};
	rootObject = 3D325A9F1926002C00AFEED9 /* Project object */;
}
